<?xml version="1.0" encoding="utf-8"?>
<Project ToolsVersion="4.0" xmlns="http://schemas.microsoft.com/developer/msbuild/2003">
  <ItemGroup>
    <Filter Include="Source Files">
      <UniqueIdentifier>{4FC737F1-C7A5-4376-A066-2A32D752A2FF}</UniqueIdentifier>
      <Extensions>cpp;c;cc;cxx;def;odl;idl;hpj;bat;asm;asmx</Extensions>
    </Filter>
    <Filter Include="Header Files">
      <UniqueIdentifier>{93995380-89BD-4b04-88EB-625FBE52EBFB}</UniqueIdentifier>
      <Extensions>h;hh;hpp;hxx;hm;inl;inc;ipp;xsd</Extensions>
    </Filter>
    <Filter Include="Resource Files">
      <UniqueIdentifier>{67DA6AB6-F800-4c08-8B7A-83BB121AAD01}</UniqueIdentifier>
      <Extensions>rc;ico;cur;bmp;dlg;rc2;rct;bin;rgs;gif;jpg;jpeg;jpe;resx;tiff;tif;png;wav;mfcribbon-ms</Extensions>
    </Filter>
    <Filter Include="Source Files\Main">
      <UniqueIdentifier>{03b05d4e-e8e0-4bfb-b2d5-bb25f6405f4b}</UniqueIdentifier>
    </Filter>
    <Filter Include="Source Files\Features">
      <UniqueIdentifier>{757a03d4-7952-4183-b24c-fe47b498de15}</UniqueIdentifier>
    </Filter>
    <Filter Include="Source Files\SDK">
      <UniqueIdentifier>{c10e2c37-ee2d-4d73-bab5-e20768d39d94}</UniqueIdentifier>
    </Filter>
    <Filter Include="Source Files\Utilities">
      <UniqueIdentifier>{5b803133-35ad-4807-a691-810ec1bdb87e}</UniqueIdentifier>
    </Filter>
    <Filter Include="Header Files\Main">
      <UniqueIdentifier>{56844609-1cfa-459a-8ef1-73648cf46e21}</UniqueIdentifier>
    </Filter>
    <Filter Include="Header Files\Features">
      <UniqueIdentifier>{c078a444-7e28-40aa-94b5-91f3f52dcb05}</UniqueIdentifier>
    </Filter>
    <Filter Include="Header Files\Utilities">
      <UniqueIdentifier>{05aac5c7-e67d-4bb6-b380-749b4b448fa1}</UniqueIdentifier>
    </Filter>
    <Filter Include="Header Files\SDK">
      <UniqueIdentifier>{bab4d834-0458-4b24-abb4-5df8622b388f}</UniqueIdentifier>
    </Filter>
    <Filter Include="Header Files\Utilities\ImGui">
      <UniqueIdentifier>{6fd5c88e-6800-4300-8350-2be6e6784c17}</UniqueIdentifier>
    </Filter>
    <Filter Include="Source Files\Renderer">
      <UniqueIdentifier>{d0b1b2d6-760b-4313-857e-e1f2f98b84a7}</UniqueIdentifier>
    </Filter>
    <Filter Include="Header Files\Renderer">
      <UniqueIdentifier>{8a55098e-9ba5-48b1-8689-aa1ad41ddf9d}</UniqueIdentifier>
    </Filter>
  </ItemGroup>
  <ItemGroup>
    <Library Include="Detours\lib.X64\detours.lib">
      <Filter>Resource Files</Filter>
    </Library>
  </ItemGroup>
  <ItemGroup>
    <ClCompile Include="ImGui\imgui.cpp">
      <Filter>Header Files\Utilities\ImGui</Filter>
    </ClCompile>
    <ClCompile Include="ImGui\imgui_draw.cpp">
      <Filter>Header Files\Utilities\ImGui</Filter>
    </ClCompile>
    <ClCompile Include="ImGui\imgui_impl_dx11.cpp">
      <Filter>Header Files\Utilities\ImGui</Filter>
    </ClCompile>
    <ClCompile Include="CCheat.cpp">
      <Filter>Source Files\Main</Filter>
    </ClCompile>
    <ClCompile Include="dllmain.cpp">
      <Filter>Source Files\Main</Filter>
    </ClCompile>
    <ClCompile Include="Entity.cpp">
      <Filter>Source Files\SDK</Filter>
    </ClCompile>
    <ClCompile Include="GadgetManager.cpp">
      <Filter>Source Files\SDK</Filter>
    </ClCompile>
    <ClCompile Include="GameManager.cpp">
      <Filter>Source Files\SDK</Filter>
    </ClCompile>
    <ClCompile Include="GameRenderer.cpp">
      <Filter>Source Files\SDK</Filter>
    </ClCompile>
    <ClCompile Include="InterfaceManager.cpp">
      <Filter>Source Files\SDK</Filter>
    </ClCompile>
    <ClCompile Include="StatusManager.cpp">
      <Filter>Source Files\SDK</Filter>
    </ClCompile>
    <ClCompile Include="UserInterface.cpp">
      <Filter>Source Files\Renderer</Filter>
    </ClCompile>
    <ClCompile Include="Renderer.cpp">
      <Filter>Source Files\Renderer</Filter>
    </ClCompile>
    <ClCompile Include="Hooks.cpp">
      <Filter>Source Files\Main</Filter>
    </ClCompile>
    <ClCompile Include="Helpers.cpp">
      <Filter>Source Files\Utilities</Filter>
    </ClCompile>
    <ClCompile Include="Input.cpp">
      <Filter>Source Files\Utilities</Filter>
    </ClCompile>
    <ClCompile Include="Settings.cpp">
      <Filter>Source Files\Utilities</Filter>
    </ClCompile>
    <ClCompile Include="Visuals.cpp">
      <Filter>Source Files\Features</Filter>
    </ClCompile>
    <ClCompile Include="WeaponManager.cpp">
      <Filter>Source Files\SDK</Filter>
    </ClCompile>
    <ClCompile Include="Accuracy.cpp">
      <Filter>Source Files\Features</Filter>
    </ClCompile>
    <ClCompile Include="Vectors.cpp">
      <Filter>Source Files\Utilities</Filter>
    </ClCompile>
    <ClCompile Include="NetworkManager.cpp">
      <Filter>Source Files\SDK</Filter>
    </ClCompile>
    <ClCompile Include="Camera.cpp">
      <Filter>Source Files\SDK</Filter>
    </ClCompile>
  </ItemGroup>
  <ItemGroup>
    <ClInclude Include="ImGui\imconfig.h">
      <Filter>Header Files\Utilities\ImGui</Filter>
    </ClInclude>
    <ClInclude Include="ImGui\imgui.h">
      <Filter>Header Files\Utilities\ImGui</Filter>
    </ClInclude>
    <ClInclude Include="ImGui\imgui_impl_dx11.h">
      <Filter>Header Files\Utilities\ImGui</Filter>
    </ClInclude>
    <ClInclude Include="ImGui\imgui_internal.h">
      <Filter>Header Files\Utilities\ImGui</Filter>
    </ClInclude>
    <ClInclude Include="ImGui\stb_rect_pack.h">
      <Filter>Header Files\Utilities\ImGui</Filter>
    </ClInclude>
    <ClInclude Include="ImGui\stb_textedit.h">
      <Filter>Header Files\Utilities\ImGui</Filter>
    </ClInclude>
    <ClInclude Include="ImGui\stb_truetype.h">
      <Filter>Header Files\Utilities\ImGui</Filter>
    </ClInclude>
    <ClInclude Include="Settings.h">
      <Filter>Header Files\Utilities</Filter>
    </ClInclude>
    <ClInclude Include="Rubik.h">
      <Filter>Header Files\Utilities</Filter>
    </ClInclude>
    <ClInclude Include="stdafx.h">
      <Filter>Header Files\Utilities</Filter>
    </ClInclude>
    <ClInclude Include="targetver.h">
      <Filter>Header Files\Utilities</Filter>
    </ClInclude>
    <ClInclude Include="Visuals.h">
      <Filter>Header Files\Features</Filter>
    </ClInclude>
    <ClInclude Include="Accuracy.h">
      <Filter>Header Files\Features</Filter>
    </ClInclude>
    <ClInclude Include="Renderer.h">
      <Filter>Header Files\Renderer</Filter>
    </ClInclude>
    <ClInclude Include="Hooks.h">
      <Filter>Header Files\Main</Filter>
    </ClInclude>
    <ClInclude Include="CCheat.h">
      <Filter>Header Files\Main</Filter>
    </ClInclude>
    <ClInclude Include="XorStr.h">
      <Filter>Header Files\Utilities</Filter>
    </ClInclude>
    <ClInclude Include="Input.h">
      <Filter>Header Files\Utilities</Filter>
    </ClInclude>
    <ClInclude Include="Helpers.h">
      <Filter>Header Files\Utilities</Filter>
    </ClInclude>
    <ClInclude Include="Array.h">
      <Filter>Header Files\SDK</Filter>
    </ClInclude>
    <ClInclude Include="Camera.h">
      <Filter>Header Files\SDK</Filter>
    </ClInclude>
    <ClInclude Include="Entity.h">
      <Filter>Header Files\SDK</Filter>
    </ClInclude>
    <ClInclude Include="GadgetManager.h">
      <Filter>Header Files\SDK</Filter>
    </ClInclude>
    <ClInclude Include="GameManager.h">
      <Filter>Header Files\SDK</Filter>
    </ClInclude>
    <ClInclude Include="GameRenderer.h">
      <Filter>Header Files\SDK</Filter>
    </ClInclude>
    <ClInclude Include="InterfaceManager.h">
      <Filter>Header Files\SDK</Filter>
    </ClInclude>
    <ClInclude Include="Memory.h">
      <Filter>Header Files\SDK</Filter>
    </ClInclude>
    <ClInclude Include="Offsets.h">
      <Filter>Header Files\SDK</Filter>
    </ClInclude>
    <ClInclude Include="StatusManager.h">
      <Filter>Header Files\SDK</Filter>
    </ClInclude>
    <ClInclude Include="WeaponManager.h">
      <Filter>Header Files\SDK</Filter>
    </ClInclude>
    <ClInclude Include="UserInterface.h">
      <Filter>Header Files\Renderer</Filter>
    </ClInclude>
    <ClInclude Include="Vectors.h">
      <Filter>Header Files\Utilities</Filter>
    </ClInclude>
    <ClInclude Include="NetworkManager.h">
      <Filter>Header Files\SDK</Filter>
    </ClInclude>
  </ItemGroup>
</Project>